
Microsoft Visual Studio Solution File, Format Version 12.00
Project("{2150E333-8FDC-42A3-9474-1A3956D46DE8}") = "Presentation", "Presentation", "{CE3D400C-5118-4EE3-B16F-49BAB27F1A83}"
EndProject
Project("{FAE04EC0-301F-11D3-BF4B-00C04F79EFBC}") = "InnoTech.Webshop.WebApi", "InnoTech.Webshop.WebApi\InnoTech.Webshop.WebApi.csproj", "{E7BFC71B-39BA-4798-A28E-C074B62411EF}"
EndProject
Project("{2150E333-8FDC-42A3-9474-1A3956D46DE8}") = "Core", "Core", "{8B363053-F602-47A0-AE92-03784FAC9BEE}"
EndProject
Project("{2150E333-8FDC-42A3-9474-1A3956D46DE8}") = "Core.Test", "Core.Test", "{E8811E6D-3C31-40A4-8EA5-4875D4CAA347}"
EndProject
Project("{FAE04EC0-301F-11D3-BF4B-00C04F79EFBC}") = "InnoTech.Webshop2021.Core", "InnoTech.Webshop2021.Core\InnoTech.Webshop2021.Core.csproj", "{68634172-FB5E-4F92-814E-768FCAD579FB}"
EndProject
Project("{FAE04EC0-301F-11D3-BF4B-00C04F79EFBC}") = "InnoTech.Webshop2021.Core.Test", "InnoTech.Webshop2021.Core.Test\InnoTech.Webshop2021.Core.Test.csproj", "{795522E4-B768-402A-A5F3-A62142CE4F63}"
EndProject
Global
	GlobalSection(SolutionConfigurationPlatforms) = preSolution
		Debug|Any CPU = Debug|Any CPU
		Release|Any CPU = Release|Any CPU
	EndGlobalSection
	GlobalSection(NestedProjects) = preSolution
		{E7BFC71B-39BA-4798-A28E-C074B62411EF} = {CE3D400C-5118-4EE3-B16F-49BAB27F1A83}
		{68634172-FB5E-4F92-814E-768FCAD579FB} = {8B363053-F602-47A0-AE92-03784FAC9BEE}
		{795522E4-B768-402A-A5F3-A62142CE4F63} = {E8811E6D-3C31-40A4-8EA5-4875D4CAA347}
	EndGlobalSection
	GlobalSection(ProjectConfigurationPlatforms) = postSolution
		{E7BFC71B-39BA-4798-A28E-C074B62411EF}.Debug|Any CPU.ActiveCfg = Debug|Any CPU
		{E7BFC71B-39BA-4798-A28E-C074B62411EF}.Debug|Any CPU.Build.0 = Debug|Any CPU
		{E7BFC71B-39BA-4798-A28E-C074B62411EF}.Release|Any CPU.ActiveCfg = Release|Any CPU
		{E7BFC71B-39BA-4798-A28E-C074B62411EF}.Release|Any CPU.Build.0 = Release|Any CPU
		{68634172-FB5E-4F92-814E-768FCAD579FB}.Debug|Any CPU.ActiveCfg = Debug|Any CPU
		{68634172-FB5E-4F92-814E-768FCAD579FB}.Debug|Any CPU.Build.0 = Debug|Any CPU
		{68634172-FB5E-4F92-814E-768FCAD579FB}.Release|Any CPU.ActiveCfg = Release|Any CPU
		{68634172-FB5E-4F92-814E-768FCAD579FB}.Release|Any CPU.Build.0 = Release|Any CPU
		{795522E4-B768-402A-A5F3-A62142CE4F63}.Debug|Any CPU.ActiveCfg = Debug|Any CPU
		{795522E4-B768-402A-A5F3-A62142CE4F63}.Debug|Any CPU.Build.0 = Debug|Any CPU
		{795522E4-B768-402A-A5F3-A62142CE4F63}.Release|Any CPU.ActiveCfg = Release|Any CPU
		{795522E4-B768-402A-A5F3-A62142CE4F63}.Release|Any CPU.Build.0 = Release|Any CPU
	EndGlobalSection
EndGlobal
